
Microsoft Visual Studio Solution File, Format Version 12.00
# Visual Studio Version 17
VisualStudioVersion = 17.4.33213.308
MinimumVisualStudioVersion = 10.0.40219.1
Project("{FAE04EC0-301F-11D3-BF4B-00C04F79EFBC}") = "SimpleCode", "SimpleCode\SimpleCode.csproj", "{402D0AA9-69C4-4AE3-A598-6082CC862B27}"
EndProject
Project("{FAE04EC0-301F-11D3-BF4B-00C04F79EFBC}") = "SC_task_calc(switch)", "SimpleCode_Task\SC_task_calc(switch).csproj", "{7FDF044C-B093-4E2F-8F28-E57CA430A739}"
EndProject
Project("{FAE04EC0-301F-11D3-BF4B-00C04F79EFBC}") = "SC_task_while", "SC_task_while\SC_task_while.csproj", "{EEDFC79A-C107-4BE0-ADAE-F5326E8BD0FF}"
EndProject
Project("{FAE04EC0-301F-11D3-BF4B-00C04F79EFBC}") = "SC_task_cycles", "SC_task_cycles\SC_task_cycles.csproj", "{B64B63F6-9B69-48E0-8183-C0BFE7BE4778}"
EndProject
Project("{FAE04EC0-301F-11D3-BF4B-00C04F79EFBC}") = "SC_task_cycles(for)", "SC_task_cycles(for)\SC_task_cycles(for).csproj", "{95A5CBF5-F6F1-4760-9E87-550A8F957370}"
EndProject
Project("{FAE04EC0-301F-11D3-BF4B-00C04F79EFBC}") = "SC_task_ternary_op", "SC_task_ ternary_op\SC_task_ternary_op.csproj", "{5D292341-40CC-4F74-9BDA-A3087675763B}"
EndProject
Project("{FAE04EC0-301F-11D3-BF4B-00C04F79EFBC}") = "SC_task_array", "SC_task_array\SC_task_array.csproj", "{7B884464-8258-4C82-BB77-50A9BB8C61D6}"
EndProject
Project("{FAE04EC0-301F-11D3-BF4B-00C04F79EFBC}") = "SC_task_2dimensional_array", "SC_task_2dimensional_array\SC_task_2dimensional_array.csproj", "{4A2CC937-7918-41D2-ACAC-D8ECC3DE2C76}"
EndProject
Project("{FAE04EC0-301F-11D3-BF4B-00C04F79EFBC}") = "SC_task_methods_output_simbol", "SC_task_array_output_simbol\SC_task_methods_output_simbol.csproj", "{C50AAAA1-4D96-4880-90AB-BCA100A3DC65}"
EndProject
Project("{FAE04EC0-301F-11D3-BF4B-00C04F79EFBC}") = "SC_task_methods_find_index", "SC_task_methods_find_index\SC_task_methods_find_index.csproj", "{79A213A7-C51A-45E6-8ABF-8DFCE5D68AF6}"
EndProject
Project("{FAE04EC0-301F-11D3-BF4B-00C04F79EFBC}") = "SC_lesson_overload", "SC_lesson_overload\SC_lesson_overload.csproj", "{CD36670B-F815-44BB-87EE-D3A8C682BEBB}"
EndProject
Project("{9A19103F-16F7-4668-BE54-9A1E7A4F7556}") = "SC_task_resize1", "SC_task_resize1\SC_task_resize1.csproj", "{4729E794-437A-42F0-AB98-C562FC6D8F4C}"
EndProject
Project("{9A19103F-16F7-4668-BE54-9A1E7A4F7556}") = "SC_task_resize2", "SC_task_resize2\SC_task_resize2.csproj", "{553F3C2A-C72F-45D3-ABC4-3B09CA862BEA}"
EndProject
Project("{9A19103F-16F7-4668-BE54-9A1E7A4F7556}") = "SC_task_resize3", "SC_task_resize3\SC_task_resize3.csproj", "{417A400A-2803-41BE-A349-1426F2390F89}"
EndProject
Project("{9A19103F-16F7-4668-BE54-9A1E7A4F7556}") = "SC_lesson_ref_out_in", "SC_lesson_ref_out_in\SC_lesson_ref_out_in.csproj", "{6B79DC6D-7575-410C-9995-838FD12552D6}"
EndProject
Project("{9A19103F-16F7-4668-BE54-9A1E7A4F7556}") = "SC_task_recursion1", "SC_task_recursion1\SC_task_recursion1.csproj", "{9BB2047D-08EE-4295-AB9B-8F14075695C1}"
EndProject
Project("{9A19103F-16F7-4668-BE54-9A1E7A4F7556}") = "SC_lesson_params", "SC_lesson_params\SC_lesson_params.csproj", "{2B7DFCC6-C1C8-4815-ACC7-D569A8B0108B}"
EndProject
Project("{9A19103F-16F7-4668-BE54-9A1E7A4F7556}") = "SC_lesson_enum", "SC_lesson_enum\SC_lesson_enum.csproj", "{C50D0263-70B5-47C9-ADF9-2BABA04676CB}"
EndProject
Project("{9A19103F-16F7-4668-BE54-9A1E7A4F7556}") = "SC_lesson_OOP_classes", "SC_lesson_OOP_classes\SC_lesson_OOP_classes.csproj", "{D0CEA245-7330-4505-802E-A7903429BC11}"
EndProject
Project("{9A19103F-16F7-4668-BE54-9A1E7A4F7556}") = "SC_lesson_get_set", "SC_lesson_get_set\SC_lesson_get_set.csproj", "{B955D4E9-3332-4677-B23A-D1E883E7AA2B}"
EndProject
Project("{9A19103F-16F7-4668-BE54-9A1E7A4F7556}") = "SC_lesson_extention", "SC_lesson_extention\SC_lesson_extention.csproj", "{C965E6BC-309F-4CB7-91AB-D8A697ECC120}"
EndProject
Project("{9A19103F-16F7-4668-BE54-9A1E7A4F7556}") = "SC_lesson_inheritance", "SC_lesson_inheritance\SC_lesson_inheritance.csproj", "{EABCC4EA-4186-4E43-A989-C0D080510855}"
EndProject
Project("{9A19103F-16F7-4668-BE54-9A1E7A4F7556}") = "SC_lesson_abstract_class", "SC_lesson_abstract_class\SC_lesson_abstract_class.csproj", "{11D84341-5CE2-4F8D-8227-5E00202C0A5E}"
EndProject
Project("{9A19103F-16F7-4668-BE54-9A1E7A4F7556}") = "SC_static", "SC_static\SC_static.csproj", "{FEBD2604-E4BC-431C-9E63-B5EDFA7585E7}"
EndProject
Project("{9A19103F-16F7-4668-BE54-9A1E7A4F7556}") = "SC_lesson_interfaces", "SC_lesson_interfaces\SC_lesson_interfaces.csproj", "{25C17E72-C171-483F-BE77-85ED1172FF5B}"
EndProject
Project("{9A19103F-16F7-4668-BE54-9A1E7A4F7556}") = "SC_lesson_delegate", "SC_lesson_delegate\SC_lesson_delegate.csproj", "{AD85E3BA-A6CF-4D93-B824-91C768053E1B}"
EndProject
Project("{9A19103F-16F7-4668-BE54-9A1E7A4F7556}") = "lesson_collections_list", "lesson_collections_list\lesson_collections_list.csproj", "{02A53784-69C8-4E47-B429-CD1373FDB15F}"
EndProject
Project("{9A19103F-16F7-4668-BE54-9A1E7A4F7556}") = "lesson_collections_dictionary", "lesson_collections_dictionary\lesson_collections_dictionary.csproj", "{37AD625E-9D67-4D86-92D4-227C93F5AF27}"
EndProject
Project("{9A19103F-16F7-4668-BE54-9A1E7A4F7556}") = "lesson_collections_hashset", "lesson_collections_hashset\lesson_collections_hashset.csproj", "{E41E69D9-5513-49BD-84BD-59C452483E23}"
EndProject
Project("{9A19103F-16F7-4668-BE54-9A1E7A4F7556}") = "lesson_collections_tuple", "lesson_collections_tuple\lesson_collections_tuple.csproj", "{0C41F742-4E61-4065-8AAA-A25CB6B0853C}"
EndProject
Project("{9A19103F-16F7-4668-BE54-9A1E7A4F7556}") = "lesson_LINQ", "lesson_LINQ\lesson_LINQ.csproj", "{82DEF64E-6A40-4942-8463-3EB8662C2950}"
EndProject
Project("{FAE04EC0-301F-11D3-BF4B-00C04F79EFBC}") = "lesson_SQL1", "lesson_SQL1\lesson_SQL1.csproj", "{9449EFCA-E385-4F3C-A069-DB459EBD6402}"
EndProject
Project("{FAE04EC0-301F-11D3-BF4B-00C04F79EFBC}") = "SC_lesson_threats", "SC_lesson_threats\SC_lesson_threats.csproj", "{E0892E2D-A633-497E-B2BD-BE2D7B3ABC07}"
EndProject
Global
	GlobalSection(SolutionConfigurationPlatforms) = preSolution
		Debug|Any CPU = Debug|Any CPU
		Release|Any CPU = Release|Any CPU
	EndGlobalSection
	GlobalSection(ProjectConfigurationPlatforms) = postSolution
		{402D0AA9-69C4-4AE3-A598-6082CC862B27}.Debug|Any CPU.ActiveCfg = Debug|Any CPU
		{402D0AA9-69C4-4AE3-A598-6082CC862B27}.Debug|Any CPU.Build.0 = Debug|Any CPU
		{402D0AA9-69C4-4AE3-A598-6082CC862B27}.Release|Any CPU.ActiveCfg = Release|Any CPU
		{402D0AA9-69C4-4AE3-A598-6082CC862B27}.Release|Any CPU.Build.0 = Release|Any CPU
		{7FDF044C-B093-4E2F-8F28-E57CA430A739}.Debug|Any CPU.ActiveCfg = Debug|Any CPU
		{7FDF044C-B093-4E2F-8F28-E57CA430A739}.Debug|Any CPU.Build.0 = Debug|Any CPU
		{7FDF044C-B093-4E2F-8F28-E57CA430A739}.Release|Any CPU.ActiveCfg = Release|Any CPU
		{7FDF044C-B093-4E2F-8F28-E57CA430A739}.Release|Any CPU.Build.0 = Release|Any CPU
		{EEDFC79A-C107-4BE0-ADAE-F5326E8BD0FF}.Debug|Any CPU.ActiveCfg = Debug|Any CPU
		{EEDFC79A-C107-4BE0-ADAE-F5326E8BD0FF}.Debug|Any CPU.Build.0 = Debug|Any CPU
		{EEDFC79A-C107-4BE0-ADAE-F5326E8BD0FF}.Release|Any CPU.ActiveCfg = Release|Any CPU
		{EEDFC79A-C107-4BE0-ADAE-F5326E8BD0FF}.Release|Any CPU.Build.0 = Release|Any CPU
		{B64B63F6-9B69-48E0-8183-C0BFE7BE4778}.Debug|Any CPU.ActiveCfg = Debug|Any CPU
		{B64B63F6-9B69-48E0-8183-C0BFE7BE4778}.Debug|Any CPU.Build.0 = Debug|Any CPU
		{B64B63F6-9B69-48E0-8183-C0BFE7BE4778}.Release|Any CPU.ActiveCfg = Release|Any CPU
		{B64B63F6-9B69-48E0-8183-C0BFE7BE4778}.Release|Any CPU.Build.0 = Release|Any CPU
		{95A5CBF5-F6F1-4760-9E87-550A8F957370}.Debug|Any CPU.ActiveCfg = Debug|Any CPU
		{95A5CBF5-F6F1-4760-9E87-550A8F957370}.Debug|Any CPU.Build.0 = Debug|Any CPU
		{95A5CBF5-F6F1-4760-9E87-550A8F957370}.Release|Any CPU.ActiveCfg = Release|Any CPU
		{95A5CBF5-F6F1-4760-9E87-550A8F957370}.Release|Any CPU.Build.0 = Release|Any CPU
		{5D292341-40CC-4F74-9BDA-A3087675763B}.Debug|Any CPU.ActiveCfg = Debug|Any CPU
		{5D292341-40CC-4F74-9BDA-A3087675763B}.Debug|Any CPU.Build.0 = Debug|Any CPU
		{5D292341-40CC-4F74-9BDA-A3087675763B}.Release|Any CPU.ActiveCfg = Release|Any CPU
		{5D292341-40CC-4F74-9BDA-A3087675763B}.Release|Any CPU.Build.0 = Release|Any CPU
		{7B884464-8258-4C82-BB77-50A9BB8C61D6}.Debug|Any CPU.ActiveCfg = Debug|Any CPU
		{7B884464-8258-4C82-BB77-50A9BB8C61D6}.Debug|Any CPU.Build.0 = Debug|Any CPU
		{7B884464-8258-4C82-BB77-50A9BB8C61D6}.Release|Any CPU.ActiveCfg = Release|Any CPU
		{7B884464-8258-4C82-BB77-50A9BB8C61D6}.Release|Any CPU.Build.0 = Release|Any CPU
		{4A2CC937-7918-41D2-ACAC-D8ECC3DE2C76}.Debug|Any CPU.ActiveCfg = Debug|Any CPU
		{4A2CC937-7918-41D2-ACAC-D8ECC3DE2C76}.Debug|Any CPU.Build.0 = Debug|Any CPU
		{4A2CC937-7918-41D2-ACAC-D8ECC3DE2C76}.Release|Any CPU.ActiveCfg = Release|Any CPU
		{4A2CC937-7918-41D2-ACAC-D8ECC3DE2C76}.Release|Any CPU.Build.0 = Release|Any CPU
		{C50AAAA1-4D96-4880-90AB-BCA100A3DC65}.Debug|Any CPU.ActiveCfg = Debug|Any CPU
		{C50AAAA1-4D96-4880-90AB-BCA100A3DC65}.Debug|Any CPU.Build.0 = Debug|Any CPU
		{C50AAAA1-4D96-4880-90AB-BCA100A3DC65}.Release|Any CPU.ActiveCfg = Release|Any CPU
		{C50AAAA1-4D96-4880-90AB-BCA100A3DC65}.Release|Any CPU.Build.0 = Release|Any CPU
		{79A213A7-C51A-45E6-8ABF-8DFCE5D68AF6}.Debug|Any CPU.ActiveCfg = Debug|Any CPU
		{79A213A7-C51A-45E6-8ABF-8DFCE5D68AF6}.Debug|Any CPU.Build.0 = Debug|Any CPU
		{79A213A7-C51A-45E6-8ABF-8DFCE5D68AF6}.Release|Any CPU.ActiveCfg = Release|Any CPU
		{79A213A7-C51A-45E6-8ABF-8DFCE5D68AF6}.Release|Any CPU.Build.0 = Release|Any CPU
		{CD36670B-F815-44BB-87EE-D3A8C682BEBB}.Debug|Any CPU.ActiveCfg = Debug|Any CPU
		{CD36670B-F815-44BB-87EE-D3A8C682BEBB}.Debug|Any CPU.Build.0 = Debug|Any CPU
		{CD36670B-F815-44BB-87EE-D3A8C682BEBB}.Release|Any CPU.ActiveCfg = Release|Any CPU
		{CD36670B-F815-44BB-87EE-D3A8C682BEBB}.Release|Any CPU.Build.0 = Release|Any CPU
		{4729E794-437A-42F0-AB98-C562FC6D8F4C}.Debug|Any CPU.ActiveCfg = Debug|Any CPU
		{4729E794-437A-42F0-AB98-C562FC6D8F4C}.Debug|Any CPU.Build.0 = Debug|Any CPU
		{4729E794-437A-42F0-AB98-C562FC6D8F4C}.Release|Any CPU.ActiveCfg = Release|Any CPU
		{4729E794-437A-42F0-AB98-C562FC6D8F4C}.Release|Any CPU.Build.0 = Release|Any CPU
		{553F3C2A-C72F-45D3-ABC4-3B09CA862BEA}.Debug|Any CPU.ActiveCfg = Debug|Any CPU
		{553F3C2A-C72F-45D3-ABC4-3B09CA862BEA}.Debug|Any CPU.Build.0 = Debug|Any CPU
		{553F3C2A-C72F-45D3-ABC4-3B09CA862BEA}.Release|Any CPU.ActiveCfg = Release|Any CPU
		{553F3C2A-C72F-45D3-ABC4-3B09CA862BEA}.Release|Any CPU.Build.0 = Release|Any CPU
		{417A400A-2803-41BE-A349-1426F2390F89}.Debug|Any CPU.ActiveCfg = Debug|Any CPU
		{417A400A-2803-41BE-A349-1426F2390F89}.Debug|Any CPU.Build.0 = Debug|Any CPU
		{417A400A-2803-41BE-A349-1426F2390F89}.Release|Any CPU.ActiveCfg = Release|Any CPU
		{417A400A-2803-41BE-A349-1426F2390F89}.Release|Any CPU.Build.0 = Release|Any CPU
		{6B79DC6D-7575-410C-9995-838FD12552D6}.Debug|Any CPU.ActiveCfg = Debug|Any CPU
		{6B79DC6D-7575-410C-9995-838FD12552D6}.Debug|Any CPU.Build.0 = Debug|Any CPU
		{6B79DC6D-7575-410C-9995-838FD12552D6}.Release|Any CPU.ActiveCfg = Release|Any CPU
		{6B79DC6D-7575-410C-9995-838FD12552D6}.Release|Any CPU.Build.0 = Release|Any CPU
		{9BB2047D-08EE-4295-AB9B-8F14075695C1}.Debug|Any CPU.ActiveCfg = Debug|Any CPU
		{9BB2047D-08EE-4295-AB9B-8F14075695C1}.Debug|Any CPU.Build.0 = Debug|Any CPU
		{9BB2047D-08EE-4295-AB9B-8F14075695C1}.Release|Any CPU.ActiveCfg = Release|Any CPU
		{9BB2047D-08EE-4295-AB9B-8F14075695C1}.Release|Any CPU.Build.0 = Release|Any CPU
		{2B7DFCC6-C1C8-4815-ACC7-D569A8B0108B}.Debug|Any CPU.ActiveCfg = Debug|Any CPU
		{2B7DFCC6-C1C8-4815-ACC7-D569A8B0108B}.Debug|Any CPU.Build.0 = Debug|Any CPU
		{2B7DFCC6-C1C8-4815-ACC7-D569A8B0108B}.Release|Any CPU.ActiveCfg = Release|Any CPU
		{2B7DFCC6-C1C8-4815-ACC7-D569A8B0108B}.Release|Any CPU.Build.0 = Release|Any CPU
		{C50D0263-70B5-47C9-ADF9-2BABA04676CB}.Debug|Any CPU.ActiveCfg = Debug|Any CPU
		{C50D0263-70B5-47C9-ADF9-2BABA04676CB}.Debug|Any CPU.Build.0 = Debug|Any CPU
		{C50D0263-70B5-47C9-ADF9-2BABA04676CB}.Release|Any CPU.ActiveCfg = Release|Any CPU
		{C50D0263-70B5-47C9-ADF9-2BABA04676CB}.Release|Any CPU.Build.0 = Release|Any CPU
		{D0CEA245-7330-4505-802E-A7903429BC11}.Debug|Any CPU.ActiveCfg = Debug|Any CPU
		{D0CEA245-7330-4505-802E-A7903429BC11}.Debug|Any CPU.Build.0 = Debug|Any CPU
		{D0CEA245-7330-4505-802E-A7903429BC11}.Release|Any CPU.ActiveCfg = Release|Any CPU
		{D0CEA245-7330-4505-802E-A7903429BC11}.Release|Any CPU.Build.0 = Release|Any CPU
		{B955D4E9-3332-4677-B23A-D1E883E7AA2B}.Debug|Any CPU.ActiveCfg = Debug|Any CPU
		{B955D4E9-3332-4677-B23A-D1E883E7AA2B}.Debug|Any CPU.Build.0 = Debug|Any CPU
		{B955D4E9-3332-4677-B23A-D1E883E7AA2B}.Release|Any CPU.ActiveCfg = Release|Any CPU
		{B955D4E9-3332-4677-B23A-D1E883E7AA2B}.Release|Any CPU.Build.0 = Release|Any CPU
		{C965E6BC-309F-4CB7-91AB-D8A697ECC120}.Debug|Any CPU.ActiveCfg = Debug|Any CPU
		{C965E6BC-309F-4CB7-91AB-D8A697ECC120}.Debug|Any CPU.Build.0 = Debug|Any CPU
		{C965E6BC-309F-4CB7-91AB-D8A697ECC120}.Release|Any CPU.ActiveCfg = Release|Any CPU
		{C965E6BC-309F-4CB7-91AB-D8A697ECC120}.Release|Any CPU.Build.0 = Release|Any CPU
		{EABCC4EA-4186-4E43-A989-C0D080510855}.Debug|Any CPU.ActiveCfg = Debug|Any CPU
		{EABCC4EA-4186-4E43-A989-C0D080510855}.Debug|Any CPU.Build.0 = Debug|Any CPU
		{EABCC4EA-4186-4E43-A989-C0D080510855}.Release|Any CPU.ActiveCfg = Release|Any CPU
		{EABCC4EA-4186-4E43-A989-C0D080510855}.Release|Any CPU.Build.0 = Release|Any CPU
		{11D84341-5CE2-4F8D-8227-5E00202C0A5E}.Debug|Any CPU.ActiveCfg = Debug|Any CPU
		{11D84341-5CE2-4F8D-8227-5E00202C0A5E}.Debug|Any CPU.Build.0 = Debug|Any CPU
		{11D84341-5CE2-4F8D-8227-5E00202C0A5E}.Release|Any CPU.ActiveCfg = Release|Any CPU
		{11D84341-5CE2-4F8D-8227-5E00202C0A5E}.Release|Any CPU.Build.0 = Release|Any CPU
		{FEBD2604-E4BC-431C-9E63-B5EDFA7585E7}.Debug|Any CPU.ActiveCfg = Debug|Any CPU
		{FEBD2604-E4BC-431C-9E63-B5EDFA7585E7}.Debug|Any CPU.Build.0 = Debug|Any CPU
		{FEBD2604-E4BC-431C-9E63-B5EDFA7585E7}.Release|Any CPU.ActiveCfg = Release|Any CPU
		{FEBD2604-E4BC-431C-9E63-B5EDFA7585E7}.Release|Any CPU.Build.0 = Release|Any CPU
		{25C17E72-C171-483F-BE77-85ED1172FF5B}.Debug|Any CPU.ActiveCfg = Debug|Any CPU
		{25C17E72-C171-483F-BE77-85ED1172FF5B}.Debug|Any CPU.Build.0 = Debug|Any CPU
		{25C17E72-C171-483F-BE77-85ED1172FF5B}.Release|Any CPU.ActiveCfg = Release|Any CPU
		{25C17E72-C171-483F-BE77-85ED1172FF5B}.Release|Any CPU.Build.0 = Release|Any CPU
		{AD85E3BA-A6CF-4D93-B824-91C768053E1B}.Debug|Any CPU.ActiveCfg = Debug|Any CPU
		{AD85E3BA-A6CF-4D93-B824-91C768053E1B}.Debug|Any CPU.Build.0 = Debug|Any CPU
		{AD85E3BA-A6CF-4D93-B824-91C768053E1B}.Release|Any CPU.ActiveCfg = Release|Any CPU
		{AD85E3BA-A6CF-4D93-B824-91C768053E1B}.Release|Any CPU.Build.0 = Release|Any CPU
		{02A53784-69C8-4E47-B429-CD1373FDB15F}.Debug|Any CPU.ActiveCfg = Debug|Any CPU
		{02A53784-69C8-4E47-B429-CD1373FDB15F}.Debug|Any CPU.Build.0 = Debug|Any CPU
		{02A53784-69C8-4E47-B429-CD1373FDB15F}.Release|Any CPU.ActiveCfg = Release|Any CPU
		{02A53784-69C8-4E47-B429-CD1373FDB15F}.Release|Any CPU.Build.0 = Release|Any CPU
		{37AD625E-9D67-4D86-92D4-227C93F5AF27}.Debug|Any CPU.ActiveCfg = Debug|Any CPU
		{37AD625E-9D67-4D86-92D4-227C93F5AF27}.Debug|Any CPU.Build.0 = Debug|Any CPU
		{37AD625E-9D67-4D86-92D4-227C93F5AF27}.Release|Any CPU.ActiveCfg = Release|Any CPU
		{37AD625E-9D67-4D86-92D4-227C93F5AF27}.Release|Any CPU.Build.0 = Release|Any CPU
		{E41E69D9-5513-49BD-84BD-59C452483E23}.Debug|Any CPU.ActiveCfg = Debug|Any CPU
		{E41E69D9-5513-49BD-84BD-59C452483E23}.Debug|Any CPU.Build.0 = Debug|Any CPU
		{E41E69D9-5513-49BD-84BD-59C452483E23}.Release|Any CPU.ActiveCfg = Release|Any CPU
		{E41E69D9-5513-49BD-84BD-59C452483E23}.Release|Any CPU.Build.0 = Release|Any CPU
		{0C41F742-4E61-4065-8AAA-A25CB6B0853C}.Debug|Any CPU.ActiveCfg = Debug|Any CPU
		{0C41F742-4E61-4065-8AAA-A25CB6B0853C}.Debug|Any CPU.Build.0 = Debug|Any CPU
		{0C41F742-4E61-4065-8AAA-A25CB6B0853C}.Release|Any CPU.ActiveCfg = Release|Any CPU
		{0C41F742-4E61-4065-8AAA-A25CB6B0853C}.Release|Any CPU.Build.0 = Release|Any CPU
		{82DEF64E-6A40-4942-8463-3EB8662C2950}.Debug|Any CPU.ActiveCfg = Debug|Any CPU
		{82DEF64E-6A40-4942-8463-3EB8662C2950}.Debug|Any CPU.Build.0 = Debug|Any CPU
		{82DEF64E-6A40-4942-8463-3EB8662C2950}.Release|Any CPU.ActiveCfg = Release|Any CPU
		{82DEF64E-6A40-4942-8463-3EB8662C2950}.Release|Any CPU.Build.0 = Release|Any CPU
		{9449EFCA-E385-4F3C-A069-DB459EBD6402}.Debug|Any CPU.ActiveCfg = Debug|Any CPU
		{9449EFCA-E385-4F3C-A069-DB459EBD6402}.Debug|Any CPU.Build.0 = Debug|Any CPU
		{9449EFCA-E385-4F3C-A069-DB459EBD6402}.Release|Any CPU.ActiveCfg = Release|Any CPU
		{9449EFCA-E385-4F3C-A069-DB459EBD6402}.Release|Any CPU.Build.0 = Release|Any CPU
		{E0892E2D-A633-497E-B2BD-BE2D7B3ABC07}.Debug|Any CPU.ActiveCfg = Debug|Any CPU
		{E0892E2D-A633-497E-B2BD-BE2D7B3ABC07}.Debug|Any CPU.Build.0 = Debug|Any CPU
		{E0892E2D-A633-497E-B2BD-BE2D7B3ABC07}.Release|Any CPU.ActiveCfg = Release|Any CPU
		{E0892E2D-A633-497E-B2BD-BE2D7B3ABC07}.Release|Any CPU.Build.0 = Release|Any CPU
	EndGlobalSection
	GlobalSection(SolutionProperties) = preSolution
		HideSolutionNode = FALSE
	EndGlobalSection
	GlobalSection(ExtensibilityGlobals) = postSolution
		SolutionGuid = {B75DF54D-A08A-4DA3-926C-A1842F05D73C}
	EndGlobalSection
EndGlobal
